
Microsoft Visual Studio Solution File, Format Version 12.00
# Visual Studio Version 16
VisualStudioVersion = 16.0.32106.194
MinimumVisualStudioVersion = 10.0.40219.1
Project("{9A19103F-16F7-4668-BE54-9A1E7A4F7556}") = "Api_SportsClub.api", "Api_SportsClub.api\Api_SportsClub.api.csproj", "{720CE381-DD9C-43E6-97C3-3E6C6C731675}"
EndProject
Project("{2150E333-8FDC-42A3-9474-1A3956D46DE8}") = "Shared", "Shared", "{CF3575E9-5BFA-4688-951E-406A11FABD7D}"
EndProject
Project("{9A19103F-16F7-4668-BE54-9A1E7A4F7556}") = "Api_SportsClub.repository", "Api_SportsClub.repository\Api_SportsClub.repository.csproj", "{844FF357-1030-4827-80B9-71430E8C2495}"
EndProject
Project("{FAE04EC0-301F-11D3-BF4B-00C04F79EFBC}") = "Api_SportsClub.models", "Api_SportsClub.models\Api_SportsClub.models.csproj", "{5A3E72C1-B56A-4107-81F7-16FAA3CAC6C8}"
EndProject
Global
	GlobalSection(SolutionConfigurationPlatforms) = preSolution
		Debug|Any CPU = Debug|Any CPU
		Release|Any CPU = Release|Any CPU
	EndGlobalSection
	GlobalSection(ProjectConfigurationPlatforms) = postSolution
		{720CE381-DD9C-43E6-97C3-3E6C6C731675}.Debug|Any CPU.ActiveCfg = Debug|Any CPU
		{720CE381-DD9C-43E6-97C3-3E6C6C731675}.Debug|Any CPU.Build.0 = Debug|Any CPU
		{720CE381-DD9C-43E6-97C3-3E6C6C731675}.Release|Any CPU.ActiveCfg = Release|Any CPU
		{720CE381-DD9C-43E6-97C3-3E6C6C731675}.Release|Any CPU.Build.0 = Release|Any CPU
		{844FF357-1030-4827-80B9-71430E8C2495}.Debug|Any CPU.ActiveCfg = Debug|Any CPU
		{844FF357-1030-4827-80B9-71430E8C2495}.Debug|Any CPU.Build.0 = Debug|Any CPU
		{844FF357-1030-4827-80B9-71430E8C2495}.Release|Any CPU.ActiveCfg = Release|Any CPU
		{844FF357-1030-4827-80B9-71430E8C2495}.Release|Any CPU.Build.0 = Release|Any CPU
		{5A3E72C1-B56A-4107-81F7-16FAA3CAC6C8}.Debug|Any CPU.ActiveCfg = Debug|Any CPU
		{5A3E72C1-B56A-4107-81F7-16FAA3CAC6C8}.Debug|Any CPU.Build.0 = Debug|Any CPU
		{5A3E72C1-B56A-4107-81F7-16FAA3CAC6C8}.Release|Any CPU.ActiveCfg = Release|Any CPU
		{5A3E72C1-B56A-4107-81F7-16FAA3CAC6C8}.Release|Any CPU.Build.0 = Release|Any CPU
	EndGlobalSection
	GlobalSection(SolutionProperties) = preSolution
		HideSolutionNode = FALSE
	EndGlobalSection
	GlobalSection(NestedProjects) = preSolution
		{844FF357-1030-4827-80B9-71430E8C2495} = {CF3575E9-5BFA-4688-951E-406A11FABD7D}
		{5A3E72C1-B56A-4107-81F7-16FAA3CAC6C8} = {CF3575E9-5BFA-4688-951E-406A11FABD7D}
	EndGlobalSection
	GlobalSection(ExtensibilityGlobals) = postSolution
		SolutionGuid = {C8082B27-B81F-4D71-932C-2FBAC9196C79}
	EndGlobalSection
EndGlobal
